// !$*UTF8*$!
{
	archiveVersion = 1;
	classes = {
	};
	objectVersion = 56;
	objects = {

/* Begin PBXBuildFile section */
		92C83AEB2AA5DD5600CF857F /* AppDelegate.swift in Sources */ = {isa = PBXBuildFile; fileRef = 92C83AEA2AA5DD5600CF857F /* AppDelegate.swift */; };
		92C83AED2AA5DD5600CF857F /* SceneDelegate.swift in Sources */ = {isa = PBXBuildFile; fileRef = 92C83AEC2AA5DD5600CF857F /* SceneDelegate.swift */; };
		92C83AEF2AA5DD5600CF857F /* SplashViewController.swift in Sources */ = {isa = PBXBuildFile; fileRef = 92C83AEE2AA5DD5600CF857F /* SplashViewController.swift */; };
		92C83AF42AA5DD5700CF857F /* Assets.xcassets in Resources */ = {isa = PBXBuildFile; fileRef = 92C83AF32AA5DD5700CF857F /* Assets.xcassets */; };
		92C83AF72AA5DD5700CF857F /* LaunchScreen.storyboard in Resources */ = {isa = PBXBuildFile; fileRef = 92C83AF52AA5DD5700CF857F /* LaunchScreen.storyboard */; };
		92C83AFF2AA5DD9F00CF857F /* SplashView.xib in Resources */ = {isa = PBXBuildFile; fileRef = 92C83AFE2AA5DD9F00CF857F /* SplashView.xib */; };
		92C83B052AA5E22400CF857F /* CommentView.xib in Resources */ = {isa = PBXBuildFile; fileRef = 92C83B042AA5E22400CF857F /* CommentView.xib */; };
		92C83B072AA5E22F00CF857F /* CommentViewController.swift in Sources */ = {isa = PBXBuildFile; fileRef = 92C83B062AA5E22F00CF857F /* CommentViewController.swift */; };
		92C83B0A2AA618FC00CF857F /* Comment.swift in Sources */ = {isa = PBXBuildFile; fileRef = 92C83B092AA618FC00CF857F /* Comment.swift */; };
		92C83B102AA6195700CF857F /* NetworkService.swift in Sources */ = {isa = PBXBuildFile; fileRef = 92C83B0D2AA6195700CF857F /* NetworkService.swift */; };
		92C83B112AA6195700CF857F /* NetworkError.swift in Sources */ = {isa = PBXBuildFile; fileRef = 92C83B0E2AA6195700CF857F /* NetworkError.swift */; };
		92C83B142AA6196300CF857F /* NetworkServiceProvider.swift in Sources */ = {isa = PBXBuildFile; fileRef = 92C83B132AA6196300CF857F /* NetworkServiceProvider.swift */; };
		92C83B182AA6199500CF857F /* AppEnvironment.swift in Sources */ = {isa = PBXBuildFile; fileRef = 92C83B172AA6199500CF857F /* AppEnvironment.swift */; };
		92C83B1D2AA61CD100CF857F /* CommentRepository.swift in Sources */ = {isa = PBXBuildFile; fileRef = 92C83B1C2AA61CD100CF857F /* CommentRepository.swift */; };
		92C83B202AA61CE100CF857F /* CommentFetcher.swift in Sources */ = {isa = PBXBuildFile; fileRef = 92C83B1F2AA61CE100CF857F /* CommentFetcher.swift */; };
		92C83B222AA6207F00CF857F /* CommentDetailView.xib in Resources */ = {isa = PBXBuildFile; fileRef = 92C83B212AA6207F00CF857F /* CommentDetailView.xib */; };
		92C83B242AA620A300CF857F /* CommentDetailViewController.swift in Sources */ = {isa = PBXBuildFile; fileRef = 92C83B232AA620A300CF857F /* CommentDetailViewController.swift */; };
/* End PBXBuildFile section */

/* Begin PBXFileReference section */
		92C83AE72AA5DD5600CF857F /* MVCExample.app */ = {isa = PBXFileReference; explicitFileType = wrapper.application; includeInIndex = 0; path = MVCExample.app; sourceTree = BUILT_PRODUCTS_DIR; };
		92C83AEA2AA5DD5600CF857F /* AppDelegate.swift */ = {isa = PBXFileReference; lastKnownFileType = sourcecode.swift; path = AppDelegate.swift; sourceTree = "<group>"; };
		92C83AEC2AA5DD5600CF857F /* SceneDelegate.swift */ = {isa = PBXFileReference; lastKnownFileType = sourcecode.swift; path = SceneDelegate.swift; sourceTree = "<group>"; };
		92C83AEE2AA5DD5600CF857F /* SplashViewController.swift */ = {isa = PBXFileReference; lastKnownFileType = sourcecode.swift; path = SplashViewController.swift; sourceTree = "<group>"; };
		92C83AF32AA5DD5700CF857F /* Assets.xcassets */ = {isa = PBXFileReference; lastKnownFileType = folder.assetcatalog; path = Assets.xcassets; sourceTree = "<group>"; };
		92C83AF62AA5DD5700CF857F /* Base */ = {isa = PBXFileReference; lastKnownFileType = file.storyboard; name = Base; path = Base.lproj/LaunchScreen.storyboard; sourceTree = "<group>"; };
		92C83AF82AA5DD5700CF857F /* Info.plist */ = {isa = PBXFileReference; lastKnownFileType = text.plist.xml; path = Info.plist; sourceTree = "<group>"; };
		92C83AFE2AA5DD9F00CF857F /* SplashView.xib */ = {isa = PBXFileReference; lastKnownFileType = file.xib; path = SplashView.xib; sourceTree = "<group>"; };
		92C83B042AA5E22400CF857F /* CommentView.xib */ = {isa = PBXFileReference; lastKnownFileType = file.xib; path = CommentView.xib; sourceTree = "<group>"; };
		92C83B062AA5E22F00CF857F /* CommentViewController.swift */ = {isa = PBXFileReference; lastKnownFileType = sourcecode.swift; path = CommentViewController.swift; sourceTree = "<group>"; };
		92C83B092AA618FC00CF857F /* Comment.swift */ = {isa = PBXFileReference; lastKnownFileType = sourcecode.swift; path = Comment.swift; sourceTree = "<group>"; };
		92C83B0D2AA6195700CF857F /* NetworkService.swift */ = {isa = PBXFileReference; fileEncoding = 4; lastKnownFileType = sourcecode.swift; path = NetworkService.swift; sourceTree = "<group>"; };
		92C83B0E2AA6195700CF857F /* NetworkError.swift */ = {isa = PBXFileReference; fileEncoding = 4; lastKnownFileType = sourcecode.swift; path = NetworkError.swift; sourceTree = "<group>"; };
		92C83B132AA6196300CF857F /* NetworkServiceProvider.swift */ = {isa = PBXFileReference; fileEncoding = 4; lastKnownFileType = sourcecode.swift; path = NetworkServiceProvider.swift; sourceTree = "<group>"; };
		92C83B172AA6199500CF857F /* AppEnvironment.swift */ = {isa = PBXFileReference; lastKnownFileType = sourcecode.swift; path = AppEnvironment.swift; sourceTree = "<group>"; };
		92C83B1C2AA61CD100CF857F /* CommentRepository.swift */ = {isa = PBXFileReference; lastKnownFileType = sourcecode.swift; path = CommentRepository.swift; sourceTree = "<group>"; };
		92C83B1F2AA61CE100CF857F /* CommentFetcher.swift */ = {isa = PBXFileReference; lastKnownFileType = sourcecode.swift; path = CommentFetcher.swift; sourceTree = "<group>"; };
		92C83B212AA6207F00CF857F /* CommentDetailView.xib */ = {isa = PBXFileReference; lastKnownFileType = file.xib; path = CommentDetailView.xib; sourceTree = "<group>"; };
		92C83B232AA620A300CF857F /* CommentDetailViewController.swift */ = {isa = PBXFileReference; lastKnownFileType = sourcecode.swift; path = CommentDetailViewController.swift; sourceTree = "<group>"; };
/* End PBXFileReference section */

/* Begin PBXFrameworksBuildPhase section */
		92C83AE42AA5DD5600CF857F /* Frameworks */ = {
			isa = PBXFrameworksBuildPhase;
			buildActionMask = 2147483647;
			files = (
			);
			runOnlyForDeploymentPostprocessing = 0;
		};
/* End PBXFrameworksBuildPhase section */

/* Begin PBXGroup section */
		92C83ADE2AA5DD5600CF857F = {
			isa = PBXGroup;
			children = (
				92C83AE92AA5DD5600CF857F /* MVCExample */,
				92C83AE82AA5DD5600CF857F /* Products */,
			);
			sourceTree = "<group>";
		};
		92C83AE82AA5DD5600CF857F /* Products */ = {
			isa = PBXGroup;
			children = (
				92C83AE72AA5DD5600CF857F /* MVCExample.app */,
			);
			name = Products;
			sourceTree = "<group>";
		};
		92C83AE92AA5DD5600CF857F /* MVCExample */ = {
			isa = PBXGroup;
			children = (
				92C83AF82AA5DD5700CF857F /* Info.plist */,
				92C83AF52AA5DD5700CF857F /* LaunchScreen.storyboard */,
				92C83B012AA5DDA800CF857F /* App */,
				92C83B082AA618F000CF857F /* Model */,
				92C83B002AA5DDA500CF857F /* View */,
				92C83B022AA5DDB600CF857F /* ViewController */,
				92C83B1A2AA61CA900CF857F /* Repository */,
				92C83B0B2AA6192500CF857F /* Service */,
				92C83B032AA5DDCF00CF857F /* Resource */,
			);
			path = MVCExample;
			sourceTree = "<group>";
		};
		92C83B002AA5DDA500CF857F /* View */ = {
			isa = PBXGroup;
			children = (
				92C83AFE2AA5DD9F00CF857F /* SplashView.xib */,
				92C83B042AA5E22400CF857F /* CommentView.xib */,
				92C83B212AA6207F00CF857F /* CommentDetailView.xib */,
			);
			path = View;
			sourceTree = "<group>";
		};
		92C83B012AA5DDA800CF857F /* App */ = {
			isa = PBXGroup;
			children = (
				92C83AEA2AA5DD5600CF857F /* AppDelegate.swift */,
				92C83AEC2AA5DD5600CF857F /* SceneDelegate.swift */,
				92C83B162AA6197C00CF857F /* Environment */,
			);
			path = App;
			sourceTree = "<group>";
		};
		92C83B022AA5DDB600CF857F /* ViewController */ = {
			isa = PBXGroup;
			children = (
				92C83AEE2AA5DD5600CF857F /* SplashViewController.swift */,
				92C83B062AA5E22F00CF857F /* CommentViewController.swift */,
				92C83B232AA620A300CF857F /* CommentDetailViewController.swift */,
			);
			path = ViewController;
			sourceTree = "<group>";
		};
		92C83B032AA5DDCF00CF857F /* Resource */ = {
			isa = PBXGroup;
			children = (
				92C83AF32AA5DD5700CF857F /* Assets.xcassets */,
			);
			path = Resource;
			sourceTree = "<group>";
		};
		92C83B082AA618F000CF857F /* Model */ = {
			isa = PBXGroup;
			children = (
				92C83B092AA618FC00CF857F /* Comment.swift */,
			);
			path = Model;
			sourceTree = "<group>";
		};
		92C83B0B2AA6192500CF857F /* Service */ = {
			isa = PBXGroup;
			children = (
				92C83B0C2AA6192C00CF857F /* Network */,
			);
			path = Service;
			sourceTree = "<group>";
		};
		92C83B0C2AA6192C00CF857F /* Network */ = {
			isa = PBXGroup;
			children = (
				92C83B0E2AA6195700CF857F /* NetworkError.swift */,
				92C83B0D2AA6195700CF857F /* NetworkService.swift */,
				92C83B152AA6196900CF857F /* Protocol */,
			);
			path = Network;
			sourceTree = "<group>";
		};
		92C83B152AA6196900CF857F /* Protocol */ = {
			isa = PBXGroup;
			children = (
				92C83B132AA6196300CF857F /* NetworkServiceProvider.swift */,
			);
			path = Protocol;
			sourceTree = "<group>";
		};
		92C83B162AA6197C00CF857F /* Environment */ = {
			isa = PBXGroup;
			children = (
				92C83B192AA6199C00CF857F /* Prod */,
			);
			path = Environment;
			sourceTree = "<group>";
		};
		92C83B192AA6199C00CF857F /* Prod */ = {
			isa = PBXGroup;
			children = (
				92C83B172AA6199500CF857F /* AppEnvironment.swift */,
			);
			path = Prod;
			sourceTree = "<group>";
		};
		92C83B1A2AA61CA900CF857F /* Repository */ = {
			isa = PBXGroup;
			children = (
				92C83B1B2AA61CB200CF857F /* Comment */,
			);
			path = Repository;
			sourceTree = "<group>";
		};
		92C83B1B2AA61CB200CF857F /* Comment */ = {
			isa = PBXGroup;
			children = (
				92C83B1E2AA61CD600CF857F /* Protocol */,
				92C83B1C2AA61CD100CF857F /* CommentRepository.swift */,
			);
			path = Comment;
			sourceTree = "<group>";
		};
		92C83B1E2AA61CD600CF857F /* Protocol */ = {
			isa = PBXGroup;
			children = (
				92C83B1F2AA61CE100CF857F /* CommentFetcher.swift */,
			);
			path = Protocol;
			sourceTree = "<group>";
		};
/* End PBXGroup section */

/* Begin PBXNativeTarget section */
		92C83AE62AA5DD5600CF857F /* MVCExample */ = {
			isa = PBXNativeTarget;
			buildConfigurationList = 92C83AFB2AA5DD5700CF857F /* Build configuration list for PBXNativeTarget "MVCExample" */;
			buildPhases = (
				92C83AE32AA5DD5600CF857F /* Sources */,
				92C83AE42AA5DD5600CF857F /* Frameworks */,
				92C83AE52AA5DD5600CF857F /* Resources */,
			);
			buildRules = (
			);
			dependencies = (
			);
			name = MVCExample;
			productName = MVCExample;
			productReference = 92C83AE72AA5DD5600CF857F /* MVCExample.app */;
			productType = "com.apple.product-type.application";
		};
/* End PBXNativeTarget section */

/* Begin PBXProject section */
		92C83ADF2AA5DD5600CF857F /* Project object */ = {
			isa = PBXProject;
			attributes = {
				BuildIndependentTargetsInParallel = 1;
				LastSwiftUpdateCheck = 1430;
				LastUpgradeCheck = 1430;
				TargetAttributes = {
					92C83AE62AA5DD5600CF857F = {
						CreatedOnToolsVersion = 14.3.1;
					};
				};
			};
			buildConfigurationList = 92C83AE22AA5DD5600CF857F /* Build configuration list for PBXProject "MVCExample" */;
			compatibilityVersion = "Xcode 14.0";
			developmentRegion = en;
			hasScannedForEncodings = 0;
			knownRegions = (
				en,
				Base,
			);
			mainGroup = 92C83ADE2AA5DD5600CF857F;
			productRefGroup = 92C83AE82AA5DD5600CF857F /* Products */;
			projectDirPath = "";
			projectRoot = "";
			targets = (
				92C83AE62AA5DD5600CF857F /* MVCExample */,
			);
		};
/* End PBXProject section */

/* Begin PBXResourcesBuildPhase section */
		92C83AE52AA5DD5600CF857F /* Resources */ = {
			isa = PBXResourcesBuildPhase;
			buildActionMask = 2147483647;
			files = (
				92C83AF72AA5DD5700CF857F /* LaunchScreen.storyboard in Resources */,
				92C83AFF2AA5DD9F00CF857F /* SplashView.xib in Resources */,
				92C83B052AA5E22400CF857F /* CommentView.xib in Resources */,
				92C83B222AA6207F00CF857F /* CommentDetailView.xib in Resources */,
				92C83AF42AA5DD5700CF857F /* Assets.xcassets in Resources */,
			);
			runOnlyForDeploymentPostprocessing = 0;
		};
/* End PBXResourcesBuildPhase section */

/* Begin PBXSourcesBuildPhase section */
		92C83AE32AA5DD5600CF857F /* Sources */ = {
			isa = PBXSourcesBuildPhase;
			buildActionMask = 2147483647;
			files = (
				92C83B202AA61CE100CF857F /* CommentFetcher.swift in Sources */,
				92C83B0A2AA618FC00CF857F /* Comment.swift in Sources */,
				92C83B112AA6195700CF857F /* NetworkError.swift in Sources */,
				92C83B072AA5E22F00CF857F /* CommentViewController.swift in Sources */,
				92C83B1D2AA61CD100CF857F /* CommentRepository.swift in Sources */,
				92C83AEF2AA5DD5600CF857F /* SplashViewController.swift in Sources */,
				92C83AEB2AA5DD5600CF857F /* AppDelegate.swift in Sources */,
				92C83B242AA620A300CF857F /* CommentDetailViewController.swift in Sources */,
				92C83B142AA6196300CF857F /* NetworkServiceProvider.swift in Sources */,
				92C83B102AA6195700CF857F /* NetworkService.swift in Sources */,
				92C83AED2AA5DD5600CF857F /* SceneDelegate.swift in Sources */,
				92C83B182AA6199500CF857F /* AppEnvironment.swift in Sources */,
			);
			runOnlyForDeploymentPostprocessing = 0;
		};
/* End PBXSourcesBuildPhase section */

/* Begin PBXVariantGroup section */
		92C83AF52AA5DD5700CF857F /* LaunchScreen.storyboard */ = {
			isa = PBXVariantGroup;
			children = (
				92C83AF62AA5DD5700CF857F /* Base */,
			);
			name = LaunchScreen.storyboard;
			sourceTree = "<group>";
		};
/* End PBXVariantGroup section */

/* Begin XCBuildConfiguration section */
		92C83AF92AA5DD5700CF857F /* Debug */ = {
			isa = XCBuildConfiguration;
			buildSettings = {
				ALWAYS_SEARCH_USER_PATHS = NO;
				CLANG_ANALYZER_NONNULL = YES;
				CLANG_ANALYZER_NUMBER_OBJECT_CONVERSION = YES_AGGRESSIVE;
				CLANG_CXX_LANGUAGE_STANDARD = "gnu++20";
				CLANG_ENABLE_MODULES = YES;
				CLANG_ENABLE_OBJC_ARC = YES;
				CLANG_ENABLE_OBJC_WEAK = YES;
				CLANG_WARN_BLOCK_CAPTURE_AUTORELEASING = YES;
				CLANG_WARN_BOOL_CONVERSION = YES;
				CLANG_WARN_COMMA = YES;
				CLANG_WARN_CONSTANT_CONVERSION = YES;
				CLANG_WARN_DEPRECATED_OBJC_IMPLEMENTATIONS = YES;
				CLANG_WARN_DIRECT_OBJC_ISA_USAGE = YES_ERROR;
				CLANG_WARN_DOCUMENTATION_COMMENTS = YES;
				CLANG_WARN_EMPTY_BODY = YES;
				CLANG_WARN_ENUM_CONVERSION = YES;
				CLANG_WARN_INFINITE_RECURSION = YES;
				CLANG_WARN_INT_CONVERSION = YES;
				CLANG_WARN_NON_LITERAL_NULL_CONVERSION = YES;
				CLANG_WARN_OBJC_IMPLICIT_RETAIN_SELF = YES;
				CLANG_WARN_OBJC_LITERAL_CONVERSION = YES;
				CLANG_WARN_OBJC_ROOT_CLASS = YES_ERROR;
				CLANG_WARN_QUOTED_INCLUDE_IN_FRAMEWORK_HEADER = YES;
				CLANG_WARN_RANGE_LOOP_ANALYSIS = YES;
				CLANG_WARN_STRICT_PROTOTYPES = YES;
				CLANG_WARN_SUSPICIOUS_MOVE = YES;
				CLANG_WARN_UNGUARDED_AVAILABILITY = YES_AGGRESSIVE;
				CLANG_WARN_UNREACHABLE_CODE = YES;
				CLANG_WARN__DUPLICATE_METHOD_MATCH = YES;
				COPY_PHASE_STRIP = NO;
				DEBUG_INFORMATION_FORMAT = dwarf;
				ENABLE_STRICT_OBJC_MSGSEND = YES;
				ENABLE_TESTABILITY = YES;
				GCC_C_LANGUAGE_STANDARD = gnu11;
				GCC_DYNAMIC_NO_PIC = NO;
				GCC_NO_COMMON_BLOCKS = YES;
				GCC_OPTIMIZATION_LEVEL = 0;
				GCC_PREPROCESSOR_DEFINITIONS = (
					"DEBUG=1",
					"$(inherited)",
				);
				GCC_WARN_64_TO_32_BIT_CONVERSION = YES;
				GCC_WARN_ABOUT_RETURN_TYPE = YES_ERROR;
				GCC_WARN_UNDECLARED_SELECTOR = YES;
				GCC_WARN_UNINITIALIZED_AUTOS = YES_AGGRESSIVE;
				GCC_WARN_UNUSED_FUNCTION = YES;
				GCC_WARN_UNUSED_VARIABLE = YES;
				IPHONEOS_DEPLOYMENT_TARGET = 16.4;
				MTL_ENABLE_DEBUG_INFO = INCLUDE_SOURCE;
				MTL_FAST_MATH = YES;
				ONLY_ACTIVE_ARCH = YES;
				SDKROOT = iphoneos;
				SWIFT_ACTIVE_COMPILATION_CONDITIONS = DEBUG;
				SWIFT_OPTIMIZATION_LEVEL = "-Onone";
			};
			name = Debug;
		};
		92C83AFA2AA5DD5700CF857F /* Release */ = {
			isa = XCBuildConfiguration;
			buildSettings = {
				ALWAYS_SEARCH_USER_PATHS = NO;
				CLANG_ANALYZER_NONNULL = YES;
				CLANG_ANALYZER_NUMBER_OBJECT_CONVERSION = YES_AGGRESSIVE;
				CLANG_CXX_LANGUAGE_STANDARD = "gnu++20";
				CLANG_ENABLE_MODULES = YES;
				CLANG_ENABLE_OBJC_ARC = YES;
				CLANG_ENABLE_OBJC_WEAK = YES;
				CLANG_WARN_BLOCK_CAPTURE_AUTORELEASING = YES;
				CLANG_WARN_BOOL_CONVERSION = YES;
				CLANG_WARN_COMMA = YES;
				CLANG_WARN_CONSTANT_CONVERSION = YES;
				CLANG_WARN_DEPRECATED_OBJC_IMPLEMENTATIONS = YES;
				CLANG_WARN_DIRECT_OBJC_ISA_USAGE = YES_ERROR;
				CLANG_WARN_DOCUMENTATION_COMMENTS = YES;
				CLANG_WARN_EMPTY_BODY = YES;
				CLANG_WARN_ENUM_CONVERSION = YES;
				CLANG_WARN_INFINITE_RECURSION = YES;
				CLANG_WARN_INT_CONVERSION = YES;
				CLANG_WARN_NON_LITERAL_NULL_CONVERSION = YES;
				CLANG_WARN_OBJC_IMPLICIT_RETAIN_SELF = YES;
				CLANG_WARN_OBJC_LITERAL_CONVERSION = YES;
				CLANG_WARN_OBJC_ROOT_CLASS = YES_ERROR;
				CLANG_WARN_QUOTED_INCLUDE_IN_FRAMEWORK_HEADER = YES;
				CLANG_WARN_RANGE_LOOP_ANALYSIS = YES;
				CLANG_WARN_STRICT_PROTOTYPES = YES;
				CLANG_WARN_SUSPICIOUS_MOVE = YES;
				CLANG_WARN_UNGUARDED_AVAILABILITY = YES_AGGRESSIVE;
				CLANG_WARN_UNREACHABLE_CODE = YES;
				CLANG_WARN__DUPLICATE_METHOD_MATCH = YES;
				COPY_PHASE_STRIP = NO;
				DEBUG_INFORMATION_FORMAT = "dwarf-with-dsym";
				ENABLE_NS_ASSERTIONS = NO;
				ENABLE_STRICT_OBJC_MSGSEND = YES;
				GCC_C_LANGUAGE_STANDARD = gnu11;
				GCC_NO_COMMON_BLOCKS = YES;
				GCC_WARN_64_TO_32_BIT_CONVERSION = YES;
				GCC_WARN_ABOUT_RETURN_TYPE = YES_ERROR;
				GCC_WARN_UNDECLARED_SELECTOR = YES;
				GCC_WARN_UNINITIALIZED_AUTOS = YES_AGGRESSIVE;
				GCC_WARN_UNUSED_FUNCTION = YES;
				GCC_WARN_UNUSED_VARIABLE = YES;
				IPHONEOS_DEPLOYMENT_TARGET = 16.4;
				MTL_ENABLE_DEBUG_INFO = NO;
				MTL_FAST_MATH = YES;
				SDKROOT = iphoneos;
				SWIFT_COMPILATION_MODE = wholemodule;
				SWIFT_OPTIMIZATION_LEVEL = "-O";
				VALIDATE_PRODUCT = YES;
			};
			name = Release;
		};
		92C83AFC2AA5DD5700CF857F /* Debug */ = {
			isa = XCBuildConfiguration;
			buildSettings = {
				ASSETCATALOG_COMPILER_APPICON_NAME = AppIcon;
				ASSETCATALOG_COMPILER_GLOBAL_ACCENT_COLOR_NAME = AccentColor;
				CODE_SIGN_STYLE = Automatic;
				CURRENT_PROJECT_VERSION = 1;
				GENERATE_INFOPLIST_FILE = YES;
				INFOPLIST_FILE = MVCExample/Info.plist;
				INFOPLIST_KEY_UIApplicationSupportsIndirectInputEvents = YES;
				INFOPLIST_KEY_UILaunchStoryboardName = LaunchScreen;
				INFOPLIST_KEY_UISupportedInterfaceOrientations = UIInterfaceOrientationPortrait;
				INFOPLIST_KEY_UISupportedInterfaceOrientations_iPad = "UIInterfaceOrientationLandscapeLeft UIInterfaceOrientationLandscapeRight UIInterfaceOrientationPortrait UIInterfaceOrientationPortraitUpsideDown";
				LD_RUNPATH_SEARCH_PATHS = (
					"$(inherited)",
					"@executable_path/Frameworks",
				);
				MARKETING_VERSION = 1.0;
				PRODUCT_BUNDLE_IDENTIFIER = "alper-ozturk.MVCExample";
				PRODUCT_NAME = "$(TARGET_NAME)";
				SUPPORTED_PLATFORMS = "iphoneos iphonesimulator";
				SUPPORTS_MACCATALYST = NO;
				SUPPORTS_MAC_DESIGNED_FOR_IPHONE_IPAD = NO;
				SWIFT_EMIT_LOC_STRINGS = YES;
				SWIFT_VERSION = 5.0;
				TARGETED_DEVICE_FAMILY = 1;
			};
			name = Debug;
		};
		92C83AFD2AA5DD5700CF857F /* Release */ = {
			isa = XCBuildConfiguration;
			buildSettings = {
				ASSETCATALOG_COMPILER_APPICON_NAME = AppIcon;
				ASSETCATALOG_COMPILER_GLOBAL_ACCENT_COLOR_NAME = AccentColor;
				CODE_SIGN_STYLE = Automatic;
				CURRENT_PROJECT_VERSION = 1;
				GENERATE_INFOPLIST_FILE = YES;
				INFOPLIST_FILE = MVCExample/Info.plist;
				INFOPLIST_KEY_UIApplicationSupportsIndirectInputEvents = YES;
				INFOPLIST_KEY_UILaunchStoryboardName = LaunchScreen;
				INFOPLIST_KEY_UISupportedInterfaceOrientations = UIInterfaceOrientationPortrait;
				INFOPLIST_KEY_UISupportedInterfaceOrientations_iPad = "UIInterfaceOrientationLandscapeLeft UIInterfaceOrientationLandscapeRight UIInterfaceOrientationPortrait UIInterfaceOrientationPortraitUpsideDown";
				LD_RUNPATH_SEARCH_PATHS = (
					"$(inherited)",
					"@executable_path/Frameworks",
				);
				MARKETING_VERSION = 1.0;
				PRODUCT_BUNDLE_IDENTIFIER = "alper-ozturk.MVCExample";
				PRODUCT_NAME = "$(TARGET_NAME)";
				SUPPORTED_PLATFORMS = "iphoneos iphonesimulator";
				SUPPORTS_MACCATALYST = NO;
				SUPPORTS_MAC_DESIGNED_FOR_IPHONE_IPAD = NO;
				SWIFT_EMIT_LOC_STRINGS = YES;
				SWIFT_VERSION = 5.0;
				TARGETED_DEVICE_FAMILY = 1;
			};
			name = Release;
		};
/* End XCBuildConfiguration section */

/* Begin XCConfigurationList section */
		92C83AE22AA5DD5600CF857F /* Build configuration list for PBXProject "MVCExample" */ = {
			isa = XCConfigurationList;
			buildConfigurations = (
				92C83AF92AA5DD5700CF857F /* Debug */,
				92C83AFA2AA5DD5700CF857F /* Release */,
			);
			defaultConfigurationIsVisible = 0;
			defaultConfigurationName = Release;
		};
		92C83AFB2AA5DD5700CF857F /* Build configuration list for PBXNativeTarget "MVCExample" */ = {
			isa = XCConfigurationList;
			buildConfigurations = (
				92C83AFC2AA5DD5700CF857F /* Debug */,
				92C83AFD2AA5DD5700CF857F /* Release */,
			);
			defaultConfigurationIsVisible = 0;
			defaultConfigurationName = Release;
		};
/* End XCConfigurationList section */
	};
	rootObject = 92C83ADF2AA5DD5600CF857F /* Project object */;
}
